<?xml version="1.0" encoding="utf-8"?>
<Project ToolsVersion="4.0" xmlns="http://schemas.microsoft.com/developer/msbuild/2003">
  <ItemGroup>
    <Filter Include="Source Files">
      <UniqueIdentifier>{4FC737F1-C7A5-4376-A066-2A32D752A2FF}</UniqueIdentifier>
      <Extensions>cpp;c;cc;cxx;c++;cppm;ixx;def;odl;idl;hpj;bat;asm;asmx</Extensions>
    </Filter>
    <Filter Include="Header Files">
      <UniqueIdentifier>{93995380-89BD-4b04-88EB-625FBE52EBFB}</UniqueIdentifier>
      <Extensions>h;hh;hpp;hxx;h++;hm;inl;inc;ipp;xsd</Extensions>
    </Filter>
    <Filter Include="Resource Files">
      <UniqueIdentifier>{67DA6AB6-F800-4c08-8B7A-83BB121AAD01}</UniqueIdentifier>
      <Extensions>rc;ico;cur;bmp;dlg;rc2;rct;bin;rgs;gif;jpg;jpeg;jpe;resx;tiff;tif;png;wav;mfcribbon-ms</Extensions>
    </Filter>
  </ItemGroup>
  <ItemGroup>
    <ClCompile Include="main.cpp">
      <Filter>Source Files</Filter>
    </ClCompile>
    <ClCompile Include="rayTracing.cpp">
      <Filter>Source Files</Filter>
    </ClCompile>
    <ClCompile Include="utilitySDL.cpp">
      <Filter>Source Files</Filter>
    </ClCompile>
    <ClCompile Include="Sphere.cpp">
      <Filter>Source Files</Filter>
    </ClCompile>
    <ClCompile Include="camera.cpp">
      <Filter>Source Files</Filter>
    </ClCompile>
    <ClCompile Include="object_list.cpp">
      <Filter>Source Files</Filter>
    </ClCompile>
    <ClCompile Include="box.cpp">
      <Filter>Source Files</Filter>
    </ClCompile>
    <ClCompile Include="disk.cpp">
      <Filter>Source Files</Filter>
    </ClCompile>
    <ClCompile Include="parallelCamera.cpp">
      <Filter>Source Files</Filter>
    </ClCompile>
    <ClCompile Include="plane.cpp">
      <Filter>Source Files</Filter>
    </ClCompile>
    <ClCompile Include="quadrilateral.cpp">
      <Filter>Source Files</Filter>
    </ClCompile>
    <ClCompile Include="rayTracingAnimationCube.cpp">
      <Filter>Source Files</Filter>
    </ClCompile>
    <ClCompile Include="triangle.cpp">
      <Filter>Source Files</Filter>
    </ClCompile>
    <ClCompile Include="rayTracingAnimationUniverse.cpp">
      <Filter>Source Files</Filter>
    </ClCompile>
    <ClCompile Include="utilityRayTracing.cpp">
      <Filter>Source Files</Filter>
    </ClCompile>
    <ClCompile Include="scene.cpp">
      <Filter>Source Files</Filter>
    </ClCompile>
    <ClCompile Include="rayTracingShadow.cpp">
      <Filter>Source Files</Filter>
    </ClCompile>
  </ItemGroup>
  <ItemGroup>
    <None Include="packages.config" />
  </ItemGroup>
  <ItemGroup>
    <ClInclude Include="rayTracing.h">
      <Filter>Header Files</Filter>
    </ClInclude>
    <ClInclude Include="resource.h">
      <Filter>Header Files</Filter>
    </ClInclude>
    <ClInclude Include="utilitySDL.h">
      <Filter>Header Files</Filter>
    </ClInclude>
    <ClInclude Include="ray.h">
      <Filter>Header Files</Filter>
    </ClInclude>
    <ClInclude Include="point3d.h">
      <Filter>Header Files</Filter>
    </ClInclude>
    <ClInclude Include="vec3.h">
      <Filter>Header Files</Filter>
    </ClInclude>
    <ClInclude Include="utilitySDLInline.h">
      <Filter>Header Files</Filter>
    </ClInclude>
    <ClInclude Include="Object.h">
      <Filter>Header Files</Filter>
    </ClInclude>
    <ClInclude Include="Sphere.h">
      <Filter>Header Files</Filter>
    </ClInclude>
    <ClInclude Include="camera.h">
      <Filter>Header Files</Filter>
    </ClInclude>
    <ClInclude Include="object_list.h">
      <Filter>Header Files</Filter>
    </ClInclude>
    <ClInclude Include="box.h">
      <Filter>Header Files</Filter>
    </ClInclude>
    <ClInclude Include="disk.h">
      <Filter>Header Files</Filter>
    </ClInclude>
    <ClInclude Include="parallelCamera.h">
      <Filter>Header Files</Filter>
    </ClInclude>
    <ClInclude Include="plane.h">
      <Filter>Header Files</Filter>
    </ClInclude>
    <ClInclude Include="quadrilateral.h">
      <Filter>Header Files</Filter>
    </ClInclude>
    <ClInclude Include="rayTracingAnimationCube.h">
      <Filter>Header Files</Filter>
    </ClInclude>
    <ClInclude Include="triangle.h">
      <Filter>Header Files</Filter>
    </ClInclude>
    <ClInclude Include="rayTracingAnimationUniverse.h">
      <Filter>Header Files</Filter>
    </ClInclude>
    <ClInclude Include="utilityRayTracing.h">
      <Filter>Header Files</Filter>
    </ClInclude>
    <ClInclude Include="genericCamera.h">
      <Filter>Header Files</Filter>
    </ClInclude>
    <ClInclude Include="color.h">
      <Filter>Header Files</Filter>
    </ClInclude>
    <ClInclude Include="light.h">
      <Filter>Header Files</Filter>
    </ClInclude>
    <ClInclude Include="point_light.h">
      <Filter>Header Files</Filter>
    </ClInclude>
    <ClInclude Include="material.h">
      <Filter>Header Files</Filter>
    </ClInclude>
    <ClInclude Include="scene.h">
      <Filter>Header Files</Filter>
    </ClInclude>
    <ClInclude Include="shader.h">
      <Filter>Header Files</Filter>
    </ClInclude>
    <ClInclude Include="rayTracingShadow.h">
      <Filter>Header Files</Filter>
    </ClInclude>
  </ItemGroup>
  <ItemGroup>
    <ResourceCompile Include="FirstRayTracingWindows.rc">
      <Filter>Resource Files</Filter>
    </ResourceCompile>
  </ItemGroup>
</Project>